
Microsoft Visual Studio Solution File, Format Version 12.00
# Visual Studio 2013
VisualStudioVersion = 12.0.31101.0
MinimumVisualStudioVersion = 10.0.40219.1
Project("{2150E333-8FDC-42A3-9474-1A3956D46DE8}") = "src", "src", "{ED36420F-BD9E-48BB-AEF1-44DA2FDAA4BB}"
EndProject
Project("{2150E333-8FDC-42A3-9474-1A3956D46DE8}") = "back-end", "back-end", "{58E7D63B-F983-43AB-84DE-4B1B93685EE7}"
EndProject
Project("{2150E333-8FDC-42A3-9474-1A3956D46DE8}") = "core", "core", "{BF601E5E-54A3-4C63-A419-BA6AA3071F30}"
EndProject
Project("{2150E333-8FDC-42A3-9474-1A3956D46DE8}") = "infrastructure", "infrastructure", "{E9445C4B-FC5E-47A0-90A2-0A5D5DD6093A}"
EndProject
Project("{FAE04EC0-301F-11D3-BF4B-00C04F79EFBC}") = "CqrsWorkShop.Server.Core", "back-end\core\CqrsWorkShop.Server.Core\CqrsWorkShop.Server.Core.csproj", "{91CB2A76-EB3D-4DFD-A076-D06CEAC53071}"
EndProject
Project("{FAE04EC0-301F-11D3-BF4B-00C04F79EFBC}") = "CqrsWorkShop.Server.Core.Domain", "back-end\core\CqrsWorkShop.Server.Core.Domain\CqrsWorkShop.Server.Core.Domain.csproj", "{AF835AA0-C2E2-4B48-B25C-4620406DE7D0}"
EndProject
Project("{F2A71F9B-5D33-465A-A702-920D77279786}") = "CqrsWorkShop.Server.Core.Commands", "back-end\core\CqrsWorkShop.Server.Core.Commands\CqrsWorkShop.Server.Core.Commands.fsproj", "{29D1E281-B04C-44A7-B219-C8AE8D6B6EF2}"
EndProject
Project("{F2A71F9B-5D33-465A-A702-920D77279786}") = "CqrsWorkShop.Server.Core.Events", "back-end\core\CqrsWorkShop.Server.Core.Events\CqrsWorkShop.Server.Core.Events.fsproj", "{6598CDBA-697E-41CF-8FC5-81AEC527E8C4}"
EndProject
Project("{F2A71F9B-5D33-465A-A702-920D77279786}") = "CqrsWorkShop.Server.Core.Entities", "back-end\core\CqrsWorkShop.Server.Core.Entities\CqrsWorkShop.Server.Core.Entities.fsproj", "{A93D4EC3-20DE-4540-95D1-07AED5D5D181}"
EndProject
Project("{FAE04EC0-301F-11D3-BF4B-00C04F79EFBC}") = "CqrsWorkShop.Server.Infra.Domain", "back-end\infrastructure\CqrsWorkShop.Server.Infra.Domain\CqrsWorkShop.Server.Infra.Domain.csproj", "{64346818-2D6F-4B58-B112-846F09584F77}"
EndProject
Project("{FAE04EC0-301F-11D3-BF4B-00C04F79EFBC}") = "CqrsWorkShop.Server.Infra", "back-end\infrastructure\CqrsWorkShop.Server.Infra\CqrsWorkShop.Server.Infra.csproj", "{22A7858D-1D45-4A2F-BA1C-7DC11BFF5670}"
EndProject
Global
	GlobalSection(SolutionConfigurationPlatforms) = preSolution
		Debug|Any CPU = Debug|Any CPU
		Release|Any CPU = Release|Any CPU
	EndGlobalSection
	GlobalSection(ProjectConfigurationPlatforms) = postSolution
		{91CB2A76-EB3D-4DFD-A076-D06CEAC53071}.Debug|Any CPU.ActiveCfg = Debug|Any CPU
		{91CB2A76-EB3D-4DFD-A076-D06CEAC53071}.Debug|Any CPU.Build.0 = Debug|Any CPU
		{91CB2A76-EB3D-4DFD-A076-D06CEAC53071}.Release|Any CPU.ActiveCfg = Release|Any CPU
		{91CB2A76-EB3D-4DFD-A076-D06CEAC53071}.Release|Any CPU.Build.0 = Release|Any CPU
		{AF835AA0-C2E2-4B48-B25C-4620406DE7D0}.Debug|Any CPU.ActiveCfg = Debug|Any CPU
		{AF835AA0-C2E2-4B48-B25C-4620406DE7D0}.Debug|Any CPU.Build.0 = Debug|Any CPU
		{AF835AA0-C2E2-4B48-B25C-4620406DE7D0}.Release|Any CPU.ActiveCfg = Release|Any CPU
		{AF835AA0-C2E2-4B48-B25C-4620406DE7D0}.Release|Any CPU.Build.0 = Release|Any CPU
		{29D1E281-B04C-44A7-B219-C8AE8D6B6EF2}.Debug|Any CPU.ActiveCfg = Debug|Any CPU
		{29D1E281-B04C-44A7-B219-C8AE8D6B6EF2}.Debug|Any CPU.Build.0 = Debug|Any CPU
		{29D1E281-B04C-44A7-B219-C8AE8D6B6EF2}.Release|Any CPU.ActiveCfg = Release|Any CPU
		{29D1E281-B04C-44A7-B219-C8AE8D6B6EF2}.Release|Any CPU.Build.0 = Release|Any CPU
		{6598CDBA-697E-41CF-8FC5-81AEC527E8C4}.Debug|Any CPU.ActiveCfg = Debug|Any CPU
		{6598CDBA-697E-41CF-8FC5-81AEC527E8C4}.Debug|Any CPU.Build.0 = Debug|Any CPU
		{6598CDBA-697E-41CF-8FC5-81AEC527E8C4}.Release|Any CPU.ActiveCfg = Release|Any CPU
		{6598CDBA-697E-41CF-8FC5-81AEC527E8C4}.Release|Any CPU.Build.0 = Release|Any CPU
		{A93D4EC3-20DE-4540-95D1-07AED5D5D181}.Debug|Any CPU.ActiveCfg = Debug|Any CPU
		{A93D4EC3-20DE-4540-95D1-07AED5D5D181}.Debug|Any CPU.Build.0 = Debug|Any CPU
		{A93D4EC3-20DE-4540-95D1-07AED5D5D181}.Release|Any CPU.ActiveCfg = Release|Any CPU
		{A93D4EC3-20DE-4540-95D1-07AED5D5D181}.Release|Any CPU.Build.0 = Release|Any CPU
		{64346818-2D6F-4B58-B112-846F09584F77}.Debug|Any CPU.ActiveCfg = Debug|Any CPU
		{64346818-2D6F-4B58-B112-846F09584F77}.Debug|Any CPU.Build.0 = Debug|Any CPU
		{64346818-2D6F-4B58-B112-846F09584F77}.Release|Any CPU.ActiveCfg = Release|Any CPU
		{64346818-2D6F-4B58-B112-846F09584F77}.Release|Any CPU.Build.0 = Release|Any CPU
		{22A7858D-1D45-4A2F-BA1C-7DC11BFF5670}.Debug|Any CPU.ActiveCfg = Debug|Any CPU
		{22A7858D-1D45-4A2F-BA1C-7DC11BFF5670}.Debug|Any CPU.Build.0 = Debug|Any CPU
		{22A7858D-1D45-4A2F-BA1C-7DC11BFF5670}.Release|Any CPU.ActiveCfg = Release|Any CPU
		{22A7858D-1D45-4A2F-BA1C-7DC11BFF5670}.Release|Any CPU.Build.0 = Release|Any CPU
	EndGlobalSection
	GlobalSection(SolutionProperties) = preSolution
		HideSolutionNode = FALSE
	EndGlobalSection
	GlobalSection(NestedProjects) = preSolution
		{58E7D63B-F983-43AB-84DE-4B1B93685EE7} = {ED36420F-BD9E-48BB-AEF1-44DA2FDAA4BB}
		{BF601E5E-54A3-4C63-A419-BA6AA3071F30} = {58E7D63B-F983-43AB-84DE-4B1B93685EE7}
		{E9445C4B-FC5E-47A0-90A2-0A5D5DD6093A} = {58E7D63B-F983-43AB-84DE-4B1B93685EE7}
		{91CB2A76-EB3D-4DFD-A076-D06CEAC53071} = {BF601E5E-54A3-4C63-A419-BA6AA3071F30}
		{AF835AA0-C2E2-4B48-B25C-4620406DE7D0} = {BF601E5E-54A3-4C63-A419-BA6AA3071F30}
		{29D1E281-B04C-44A7-B219-C8AE8D6B6EF2} = {BF601E5E-54A3-4C63-A419-BA6AA3071F30}
		{6598CDBA-697E-41CF-8FC5-81AEC527E8C4} = {BF601E5E-54A3-4C63-A419-BA6AA3071F30}
		{A93D4EC3-20DE-4540-95D1-07AED5D5D181} = {BF601E5E-54A3-4C63-A419-BA6AA3071F30}
		{64346818-2D6F-4B58-B112-846F09584F77} = {E9445C4B-FC5E-47A0-90A2-0A5D5DD6093A}
		{22A7858D-1D45-4A2F-BA1C-7DC11BFF5670} = {E9445C4B-FC5E-47A0-90A2-0A5D5DD6093A}
	EndGlobalSection
EndGlobal
